<Solution>
  <Project Path="src/MartiX.FullStackTestApp.Api/MartiX.FullStackTestApp.Api.csproj" />
  <Project Path="src/MartiX.FullStackTestApp.Client/MartiX.FullStackTestApp.Client.csproj" />
  <Project Path="src/MartiX.FullStackTestApp.Migrator/MartiX.FullStackTestApp.Migrator.csproj" />
  <Project Path="src/MartiX.FullStackTestApp.Orders/MartiX.FullStackTestApp.Orders.csproj" />
  <Project Path="tests/MartiX.FullStackTestApp.Tests/MartiX.FullStackTestApp.Tests.csproj" />
  <Project Path="src/MartiX.FullStackTestApp.Web/package.json" />
</Solution>
